// !$*UTF8*$!
{
	archiveVersion = 1;
	classes = {
	};
	objectVersion = 48;
	objects = {

/* Begin PBXBuildFile section */
		9E8105AEDC2A37B60573DF1A /* libPods-AppCenterDemoTests.a in Frameworks */ = {isa = PBXBuildFile; fileRef = D8BF599F2A9514DCE97FE34A /* libPods-AppCenterDemoTests.a */; };
		ADC77597203AC0C600E31F35 /* AppDelegate.m in Sources */ = {isa = PBXBuildFile; fileRef = ADC77596203AC0C600E31F35 /* AppDelegate.m */; };
		ADC7759A203AC0C600E31F35 /* ViewController.m in Sources */ = {isa = PBXBuildFile; fileRef = ADC77599203AC0C600E31F35 /* ViewController.m */; };
		ADC7759D203AC0C600E31F35 /* Main.storyboard in Resources */ = {isa = PBXBuildFile; fileRef = ADC7759B203AC0C600E31F35 /* Main.storyboard */; };
		ADC7759F203AC0C600E31F35 /* Assets.xcassets in Resources */ = {isa = PBXBuildFile; fileRef = ADC7759E203AC0C600E31F35 /* Assets.xcassets */; };
		ADC775A2203AC0C600E31F35 /* LaunchScreen.storyboard in Resources */ = {isa = PBXBuildFile; fileRef = ADC775A0203AC0C600E31F35 /* LaunchScreen.storyboard */; };
		ADC775A5203AC0C600E31F35 /* main.m in Sources */ = {isa = PBXBuildFile; fileRef = ADC775A4203AC0C600E31F35 /* main.m */; };
		ADC775AF203AC0C700E31F35 /* AppCenterDemoTests.m in Sources */ = {isa = PBXBuildFile; fileRef = ADC775AE203AC0C700E31F35 /* AppCenterDemoTests.m */; };
		ADC775BA203AC0C700E31F35 /* AppCenterDemoUITests.m in Sources */ = {isa = PBXBuildFile; fileRef = ADC775B9203AC0C700E31F35 /* AppCenterDemoUITests.m */; };
		B0BDC59E73059ACBBEAF2690 /* libPods-AppCenterDemoUITests.a in Frameworks */ = {isa = PBXBuildFile; fileRef = 44FBBB22316809CF405D1270 /* libPods-AppCenterDemoUITests.a */; };
		EC5865CA2D88687EA1EB6056 /* libPods-AppCenterDemo.a in Frameworks */ = {isa = PBXBuildFile; fileRef = 91FC79A7A23B501DA28737C8 /* libPods-AppCenterDemo.a */; };
/* End PBXBuildFile section */

/* Begin PBXContainerItemProxy section */
		ADC775AB203AC0C600E31F35 /* PBXContainerItemProxy */ = {
			isa = PBXContainerItemProxy;
			containerPortal = ADC7758A203AC0C600E31F35 /* Project object */;
			proxyType = 1;
			remoteGlobalIDString = ADC77591203AC0C600E31F35;
			remoteInfo = AppCenterDemo;
		};
		ADC775B6203AC0C700E31F35 /* PBXContainerItemProxy */ = {
			isa = PBXContainerItemProxy;
			containerPortal = ADC7758A203AC0C600E31F35 /* Project object */;
			proxyType = 1;
			remoteGlobalIDString = ADC77591203AC0C600E31F35;
			remoteInfo = AppCenterDemo;
		};
/* End PBXContainerItemProxy section */

/* Begin PBXFileReference section */
		19D9C28D644B73C79D3B2385 /* Pods-AppCenterDemoTests.debug.xcconfig */ = {isa = PBXFileReference; includeInIndex = 1; lastKnownFileType = text.xcconfig; name = "Pods-AppCenterDemoTests.debug.xcconfig"; path = "Pods/Target Support Files/Pods-AppCenterDemoTests/Pods-AppCenterDemoTests.debug.xcconfig"; sourceTree = "<group>"; };
		27E56C203715EA6D1A8A3899 /* Pods-AppCenterDemo.debug.xcconfig */ = {isa = PBXFileReference; includeInIndex = 1; lastKnownFileType = text.xcconfig; name = "Pods-AppCenterDemo.debug.xcconfig"; path = "Pods/Target Support Files/Pods-AppCenterDemo/Pods-AppCenterDemo.debug.xcconfig"; sourceTree = "<group>"; };
		44FBBB22316809CF405D1270 /* libPods-AppCenterDemoUITests.a */ = {isa = PBXFileReference; explicitFileType = archive.ar; includeInIndex = 0; path = "libPods-AppCenterDemoUITests.a"; sourceTree = BUILT_PRODUCTS_DIR; };
		5033F92072770A1B8E92C905 /* Pods-AppCenterDemoUITests.release.xcconfig */ = {isa = PBXFileReference; includeInIndex = 1; lastKnownFileType = text.xcconfig; name = "Pods-AppCenterDemoUITests.release.xcconfig"; path = "Pods/Target Support Files/Pods-AppCenterDemoUITests/Pods-AppCenterDemoUITests.release.xcconfig"; sourceTree = "<group>"; };
		71FA2057830276405AFC53E3 /* Pods-AppCenterDemoTests.release.xcconfig */ = {isa = PBXFileReference; includeInIndex = 1; lastKnownFileType = text.xcconfig; name = "Pods-AppCenterDemoTests.release.xcconfig"; path = "Pods/Target Support Files/Pods-AppCenterDemoTests/Pods-AppCenterDemoTests.release.xcconfig"; sourceTree = "<group>"; };
		828D68B46FD4F4267062E227 /* Pods-AppCenterDemoUITests.debug.xcconfig */ = {isa = PBXFileReference; includeInIndex = 1; lastKnownFileType = text.xcconfig; name = "Pods-AppCenterDemoUITests.debug.xcconfig"; path = "Pods/Target Support Files/Pods-AppCenterDemoUITests/Pods-AppCenterDemoUITests.debug.xcconfig"; sourceTree = "<group>"; };
		91FC79A7A23B501DA28737C8 /* libPods-AppCenterDemo.a */ = {isa = PBXFileReference; explicitFileType = archive.ar; includeInIndex = 0; path = "libPods-AppCenterDemo.a"; sourceTree = BUILT_PRODUCTS_DIR; };
		ADC77592203AC0C600E31F35 /* AppCenterDemo.app */ = {isa = PBXFileReference; explicitFileType = wrapper.application; includeInIndex = 0; path = AppCenterDemo.app; sourceTree = BUILT_PRODUCTS_DIR; };
		ADC77595203AC0C600E31F35 /* AppDelegate.h */ = {isa = PBXFileReference; lastKnownFileType = sourcecode.c.h; path = AppDelegate.h; sourceTree = "<group>"; };
		ADC77596203AC0C600E31F35 /* AppDelegate.m */ = {isa = PBXFileReference; lastKnownFileType = sourcecode.c.objc; path = AppDelegate.m; sourceTree = "<group>"; };
		ADC77598203AC0C600E31F35 /* ViewController.h */ = {isa = PBXFileReference; lastKnownFileType = sourcecode.c.h; path = ViewController.h; sourceTree = "<group>"; };
		ADC77599203AC0C600E31F35 /* ViewController.m */ = {isa = PBXFileReference; lastKnownFileType = sourcecode.c.objc; path = ViewController.m; sourceTree = "<group>"; };
		ADC7759C203AC0C600E31F35 /* Base */ = {isa = PBXFileReference; lastKnownFileType = file.storyboard; name = Base; path = Base.lproj/Main.storyboard; sourceTree = "<group>"; };
		ADC7759E203AC0C600E31F35 /* Assets.xcassets */ = {isa = PBXFileReference; lastKnownFileType = folder.assetcatalog; path = Assets.xcassets; sourceTree = "<group>"; };
		ADC775A1203AC0C600E31F35 /* Base */ = {isa = PBXFileReference; lastKnownFileType = file.storyboard; name = Base; path = Base.lproj/LaunchScreen.storyboard; sourceTree = "<group>"; };
		ADC775A3203AC0C600E31F35 /* Info.plist */ = {isa = PBXFileReference; lastKnownFileType = text.plist.xml; path = Info.plist; sourceTree = "<group>"; };
		ADC775A4203AC0C600E31F35 /* main.m */ = {isa = PBXFileReference; lastKnownFileType = sourcecode.c.objc; path = main.m; sourceTree = "<group>"; };
		ADC775AA203AC0C600E31F35 /* AppCenterDemoTests.xctest */ = {isa = PBXFileReference; explicitFileType = wrapper.cfbundle; includeInIndex = 0; path = AppCenterDemoTests.xctest; sourceTree = BUILT_PRODUCTS_DIR; };
		ADC775AE203AC0C700E31F35 /* AppCenterDemoTests.m */ = {isa = PBXFileReference; lastKnownFileType = sourcecode.c.objc; path = AppCenterDemoTests.m; sourceTree = "<group>"; };
		ADC775B0203AC0C700E31F35 /* Info.plist */ = {isa = PBXFileReference; lastKnownFileType = text.plist.xml; path = Info.plist; sourceTree = "<group>"; };
		ADC775B5203AC0C700E31F35 /* AppCenterDemoUITests.xctest */ = {isa = PBXFileReference; explicitFileType = wrapper.cfbundle; includeInIndex = 0; path = AppCenterDemoUITests.xctest; sourceTree = BUILT_PRODUCTS_DIR; };
		ADC775B9203AC0C700E31F35 /* AppCenterDemoUITests.m */ = {isa = PBXFileReference; lastKnownFileType = sourcecode.c.objc; path = AppCenterDemoUITests.m; sourceTree = "<group>"; };
		ADC775BB203AC0C700E31F35 /* Info.plist */ = {isa = PBXFileReference; lastKnownFileType = text.plist.xml; path = Info.plist; sourceTree = "<group>"; };
		CBE09C6C39A4851EB362F56B /* Pods-AppCenterDemo.release.xcconfig */ = {isa = PBXFileReference; includeInIndex = 1; lastKnownFileType = text.xcconfig; name = "Pods-AppCenterDemo.release.xcconfig"; path = "Pods/Target Support Files/Pods-AppCenterDemo/Pods-AppCenterDemo.release.xcconfig"; sourceTree = "<group>"; };
		D8BF599F2A9514DCE97FE34A /* libPods-AppCenterDemoTests.a */ = {isa = PBXFileReference; explicitFileType = archive.ar; includeInIndex = 0; path = "libPods-AppCenterDemoTests.a"; sourceTree = BUILT_PRODUCTS_DIR; };
/* End PBXFileReference section */

/* Begin PBXFrameworksBuildPhase section */
		ADC7758F203AC0C600E31F35 /* Frameworks */ = {
			isa = PBXFrameworksBuildPhase;
			buildActionMask = 2147483647;
			files = (
				EC5865CA2D88687EA1EB6056 /* libPods-AppCenterDemo.a in Frameworks */,
			);
			runOnlyForDeploymentPostprocessing = 0;
		};
		ADC775A7203AC0C600E31F35 /* Frameworks */ = {
			isa = PBXFrameworksBuildPhase;
			buildActionMask = 2147483647;
			files = (
				9E8105AEDC2A37B60573DF1A /* libPods-AppCenterDemoTests.a in Frameworks */,
			);
			runOnlyForDeploymentPostprocessing = 0;
		};
		ADC775B2203AC0C700E31F35 /* Frameworks */ = {
			isa = PBXFrameworksBuildPhase;
			buildActionMask = 2147483647;
			files = (
				B0BDC59E73059ACBBEAF2690 /* libPods-AppCenterDemoUITests.a in Frameworks */,
			);
			runOnlyForDeploymentPostprocessing = 0;
		};
/* End PBXFrameworksBuildPhase section */

/* Begin PBXGroup section */
		ADC77589203AC0C600E31F35 = {
			isa = PBXGroup;
			children = (
				ADC77594203AC0C600E31F35 /* AppCenterDemo */,
				ADC775AD203AC0C700E31F35 /* AppCenterDemoTests */,
				ADC775B8203AC0C700E31F35 /* AppCenterDemoUITests */,
				ADC77593203AC0C600E31F35 /* Products */,
				FD5867B5E0097370B20DA99B /* Pods */,
				AE726C539EA8858277A03F8E /* Frameworks */,
			);
			sourceTree = "<group>";
		};
		ADC77593203AC0C600E31F35 /* Products */ = {
			isa = PBXGroup;
			children = (
				ADC77592203AC0C600E31F35 /* AppCenterDemo.app */,
				ADC775AA203AC0C600E31F35 /* AppCenterDemoTests.xctest */,
				ADC775B5203AC0C700E31F35 /* AppCenterDemoUITests.xctest */,
			);
			name = Products;
			sourceTree = "<group>";
		};
		ADC77594203AC0C600E31F35 /* AppCenterDemo */ = {
			isa = PBXGroup;
			children = (
				ADC77595203AC0C600E31F35 /* AppDelegate.h */,
				ADC77596203AC0C600E31F35 /* AppDelegate.m */,
				ADC77598203AC0C600E31F35 /* ViewController.h */,
				ADC77599203AC0C600E31F35 /* ViewController.m */,
				ADC7759B203AC0C600E31F35 /* Main.storyboard */,
				ADC7759E203AC0C600E31F35 /* Assets.xcassets */,
				ADC775A0203AC0C600E31F35 /* LaunchScreen.storyboard */,
				ADC775A3203AC0C600E31F35 /* Info.plist */,
				ADC775A4203AC0C600E31F35 /* main.m */,
			);
			path = AppCenterDemo;
			sourceTree = "<group>";
		};
		ADC775AD203AC0C700E31F35 /* AppCenterDemoTests */ = {
			isa = PBXGroup;
			children = (
				ADC775AE203AC0C700E31F35 /* AppCenterDemoTests.m */,
				ADC775B0203AC0C700E31F35 /* Info.plist */,
			);
			path = AppCenterDemoTests;
			sourceTree = "<group>";
		};
		ADC775B8203AC0C700E31F35 /* AppCenterDemoUITests */ = {
			isa = PBXGroup;
			children = (
				ADC775B9203AC0C700E31F35 /* AppCenterDemoUITests.m */,
				ADC775BB203AC0C700E31F35 /* Info.plist */,
			);
			path = AppCenterDemoUITests;
			sourceTree = "<group>";
		};
		AE726C539EA8858277A03F8E /* Frameworks */ = {
			isa = PBXGroup;
			children = (
				91FC79A7A23B501DA28737C8 /* libPods-AppCenterDemo.a */,
				D8BF599F2A9514DCE97FE34A /* libPods-AppCenterDemoTests.a */,
				44FBBB22316809CF405D1270 /* libPods-AppCenterDemoUITests.a */,
			);
			name = Frameworks;
			sourceTree = "<group>";
		};
		FD5867B5E0097370B20DA99B /* Pods */ = {
			isa = PBXGroup;
			children = (
				27E56C203715EA6D1A8A3899 /* Pods-AppCenterDemo.debug.xcconfig */,
				CBE09C6C39A4851EB362F56B /* Pods-AppCenterDemo.release.xcconfig */,
				19D9C28D644B73C79D3B2385 /* Pods-AppCenterDemoTests.debug.xcconfig */,
				71FA2057830276405AFC53E3 /* Pods-AppCenterDemoTests.release.xcconfig */,
				828D68B46FD4F4267062E227 /* Pods-AppCenterDemoUITests.debug.xcconfig */,
				5033F92072770A1B8E92C905 /* Pods-AppCenterDemoUITests.release.xcconfig */,
			);
			name = Pods;
			sourceTree = "<group>";
		};
/* End PBXGroup section */

/* Begin PBXNativeTarget section */
		ADC77591203AC0C600E31F35 /* AppCenterDemo */ = {
			isa = PBXNativeTarget;
			buildConfigurationList = ADC775BE203AC0C700E31F35 /* Build configuration list for PBXNativeTarget "AppCenterDemo" */;
			buildPhases = (
				90016262BDB3FA7018157251 /* [CP] Check Pods Manifest.lock */,
				ADC7758E203AC0C600E31F35 /* Sources */,
				ADC7758F203AC0C600E31F35 /* Frameworks */,
				ADC77590203AC0C600E31F35 /* Resources */,
				9834738EAACF069BD50A9EE1 /* [CP] Embed Pods Frameworks */,
				F7266BA3B3AECFB174E77F92 /* [CP] Copy Pods Resources */,
			);
			buildRules = (
			);
			dependencies = (
			);
			name = AppCenterDemo;
			productName = AppCenterDemo;
			productReference = ADC77592203AC0C600E31F35 /* AppCenterDemo.app */;
			productType = "com.apple.product-type.application";
		};
		ADC775A9203AC0C600E31F35 /* AppCenterDemoTests */ = {
			isa = PBXNativeTarget;
			buildConfigurationList = ADC775C1203AC0C700E31F35 /* Build configuration list for PBXNativeTarget "AppCenterDemoTests" */;
			buildPhases = (
				6015B1A9BD3854476B3E8BF0 /* [CP] Check Pods Manifest.lock */,
				ADC775A6203AC0C600E31F35 /* Sources */,
				ADC775A7203AC0C600E31F35 /* Frameworks */,
				ADC775A8203AC0C600E31F35 /* Resources */,
				445E0C9D4B97B9B9A0BE4FF3 /* [CP] Embed Pods Frameworks */,
				73FC3F44B7CCE08889CE9064 /* [CP] Copy Pods Resources */,
			);
			buildRules = (
			);
			dependencies = (
				ADC775AC203AC0C600E31F35 /* PBXTargetDependency */,
			);
			name = AppCenterDemoTests;
			productName = AppCenterDemoTests;
			productReference = ADC775AA203AC0C600E31F35 /* AppCenterDemoTests.xctest */;
			productType = "com.apple.product-type.bundle.unit-test";
		};
		ADC775B4203AC0C700E31F35 /* AppCenterDemoUITests */ = {
			isa = PBXNativeTarget;
			buildConfigurationList = ADC775C4203AC0C700E31F35 /* Build configuration list for PBXNativeTarget "AppCenterDemoUITests" */;
			buildPhases = (
				87FB942464B300294A20E411 /* [CP] Check Pods Manifest.lock */,
				ADC775B1203AC0C700E31F35 /* Sources */,
				ADC775B2203AC0C700E31F35 /* Frameworks */,
				ADC775B3203AC0C700E31F35 /* Resources */,
				16167FCDCF6F70307BB9D025 /* [CP] Embed Pods Frameworks */,
				6ABE53593383CBC4AE34A4E3 /* [CP] Copy Pods Resources */,
			);
			buildRules = (
			);
			dependencies = (
				ADC775B7203AC0C700E31F35 /* PBXTargetDependency */,
			);
			name = AppCenterDemoUITests;
			productName = AppCenterDemoUITests;
			productReference = ADC775B5203AC0C700E31F35 /* AppCenterDemoUITests.xctest */;
			productType = "com.apple.product-type.bundle.ui-testing";
		};
/* End PBXNativeTarget section */

/* Begin PBXProject section */
		ADC7758A203AC0C600E31F35 /* Project object */ = {
			isa = PBXProject;
			attributes = {
				LastUpgradeCheck = 0920;
				ORGANIZATIONNAME = BTPN;
				TargetAttributes = {
					ADC77591203AC0C600E31F35 = {
						CreatedOnToolsVersion = 9.2;
						ProvisioningStyle = Automatic;
					};
					ADC775A9203AC0C600E31F35 = {
						CreatedOnToolsVersion = 9.2;
						ProvisioningStyle = Automatic;
						TestTargetID = ADC77591203AC0C600E31F35;
					};
					ADC775B4203AC0C700E31F35 = {
						CreatedOnToolsVersion = 9.2;
						ProvisioningStyle = Automatic;
						TestTargetID = ADC77591203AC0C600E31F35;
					};
				};
			};
			buildConfigurationList = ADC7758D203AC0C600E31F35 /* Build configuration list for PBXProject "AppCenterDemo" */;
			compatibilityVersion = "Xcode 8.0";
			developmentRegion = en;
			hasScannedForEncodings = 0;
			knownRegions = (
				en,
				Base,
			);
			mainGroup = ADC77589203AC0C600E31F35;
			productRefGroup = ADC77593203AC0C600E31F35 /* Products */;
			projectDirPath = "";
			projectRoot = "";
			targets = (
				ADC77591203AC0C600E31F35 /* AppCenterDemo */,
				ADC775A9203AC0C600E31F35 /* AppCenterDemoTests */,
				ADC775B4203AC0C700E31F35 /* AppCenterDemoUITests */,
			);
		};
/* End PBXProject section */

/* Begin PBXResourcesBuildPhase section */
		ADC77590203AC0C600E31F35 /* Resources */ = {
			isa = PBXResourcesBuildPhase;
			buildActionMask = 2147483647;
			files = (
				ADC775A2203AC0C600E31F35 /* LaunchScreen.storyboard in Resources */,
				ADC7759F203AC0C600E31F35 /* Assets.xcassets in Resources */,
				ADC7759D203AC0C600E31F35 /* Main.storyboard in Resources */,
			);
			runOnlyForDeploymentPostprocessing = 0;
		};
		ADC775A8203AC0C600E31F35 /* Resources */ = {
			isa = PBXResourcesBuildPhase;
			buildActionMask = 2147483647;
			files = (
			);
			runOnlyForDeploymentPostprocessing = 0;
		};
		ADC775B3203AC0C700E31F35 /* Resources */ = {
			isa = PBXResourcesBuildPhase;
			buildActionMask = 2147483647;
			files = (
			);
			runOnlyForDeploymentPostprocessing = 0;
		};
/* End PBXResourcesBuildPhase section */

/* Begin PBXShellScriptBuildPhase section */
		16167FCDCF6F70307BB9D025 /* [CP] Embed Pods Frameworks */ = {
			isa = PBXShellScriptBuildPhase;
			buildActionMask = 2147483647;
			files = (
			);
			inputPaths = (
			);
			name = "[CP] Embed Pods Frameworks";
			outputPaths = (
			);
			runOnlyForDeploymentPostprocessing = 0;
			shellPath = /bin/sh;
			shellScript = "\"${SRCROOT}/Pods/Target Support Files/Pods-AppCenterDemoUITests/Pods-AppCenterDemoUITests-frameworks.sh\"\n";
			showEnvVarsInLog = 0;
		};
		445E0C9D4B97B9B9A0BE4FF3 /* [CP] Embed Pods Frameworks */ = {
			isa = PBXShellScriptBuildPhase;
			buildActionMask = 2147483647;
			files = (
			);
			inputPaths = (
			);
			name = "[CP] Embed Pods Frameworks";
			outputPaths = (
			);
			runOnlyForDeploymentPostprocessing = 0;
			shellPath = /bin/sh;
			shellScript = "\"${SRCROOT}/Pods/Target Support Files/Pods-AppCenterDemoTests/Pods-AppCenterDemoTests-frameworks.sh\"\n";
			showEnvVarsInLog = 0;
		};
		6015B1A9BD3854476B3E8BF0 /* [CP] Check Pods Manifest.lock */ = {
			isa = PBXShellScriptBuildPhase;
			buildActionMask = 2147483647;
			files = (
			);
			inputPaths = (
				"${PODS_PODFILE_DIR_PATH}/Podfile.lock",
				"${PODS_ROOT}/Manifest.lock",
			);
			name = "[CP] Check Pods Manifest.lock";
			outputPaths = (
				"$(DERIVED_FILE_DIR)/Pods-AppCenterDemoTests-checkManifestLockResult.txt",
			);
			runOnlyForDeploymentPostprocessing = 0;
			shellPath = /bin/sh;
			shellScript = "diff \"${PODS_PODFILE_DIR_PATH}/Podfile.lock\" \"${PODS_ROOT}/Manifest.lock\" > /dev/null\nif [ $? != 0 ] ; then\n    # print error to STDERR\n    echo \"error: The sandbox is not in sync with the Podfile.lock. Run 'pod install' or update your CocoaPods installation.\" >&2\n    exit 1\nfi\n# This output is used by Xcode 'outputs' to avoid re-running this script phase.\necho \"SUCCESS\" > \"${SCRIPT_OUTPUT_FILE_0}\"\n";
			showEnvVarsInLog = 0;
		};
		6ABE53593383CBC4AE34A4E3 /* [CP] Copy Pods Resources */ = {
			isa = PBXShellScriptBuildPhase;
			buildActionMask = 2147483647;
			files = (
			);
			inputPaths = (
			);
			name = "[CP] Copy Pods Resources";
			outputPaths = (
			);
			runOnlyForDeploymentPostprocessing = 0;
			shellPath = /bin/sh;
			shellScript = "\"${SRCROOT}/Pods/Target Support Files/Pods-AppCenterDemoUITests/Pods-AppCenterDemoUITests-resources.sh\"\n";
			showEnvVarsInLog = 0;
		};
		73FC3F44B7CCE08889CE9064 /* [CP] Copy Pods Resources */ = {
			isa = PBXShellScriptBuildPhase;
			buildActionMask = 2147483647;
			files = (
			);
			inputPaths = (
			);
			name = "[CP] Copy Pods Resources";
			outputPaths = (
			);
			runOnlyForDeploymentPostprocessing = 0;
			shellPath = /bin/sh;
			shellScript = "\"${SRCROOT}/Pods/Target Support Files/Pods-AppCenterDemoTests/Pods-AppCenterDemoTests-resources.sh\"\n";
			showEnvVarsInLog = 0;
		};
		87FB942464B300294A20E411 /* [CP] Check Pods Manifest.lock */ = {
			isa = PBXShellScriptBuildPhase;
			buildActionMask = 2147483647;
			files = (
			);
			inputPaths = (
				"${PODS_PODFILE_DIR_PATH}/Podfile.lock",
				"${PODS_ROOT}/Manifest.lock",
			);
			name = "[CP] Check Pods Manifest.lock";
			outputPaths = (
				"$(DERIVED_FILE_DIR)/Pods-AppCenterDemoUITests-checkManifestLockResult.txt",
			);
			runOnlyForDeploymentPostprocessing = 0;
			shellPath = /bin/sh;
			shellScript = "diff \"${PODS_PODFILE_DIR_PATH}/Podfile.lock\" \"${PODS_ROOT}/Manifest.lock\" > /dev/null\nif [ $? != 0 ] ; then\n    # print error to STDERR\n    echo \"error: The sandbox is not in sync with the Podfile.lock. Run 'pod install' or update your CocoaPods installation.\" >&2\n    exit 1\nfi\n# This output is used by Xcode 'outputs' to avoid re-running this script phase.\necho \"SUCCESS\" > \"${SCRIPT_OUTPUT_FILE_0}\"\n";
			showEnvVarsInLog = 0;
		};
		90016262BDB3FA7018157251 /* [CP] Check Pods Manifest.lock */ = {
			isa = PBXShellScriptBuildPhase;
			buildActionMask = 2147483647;
			files = (
			);
			inputPaths = (
				"${PODS_PODFILE_DIR_PATH}/Podfile.lock",
				"${PODS_ROOT}/Manifest.lock",
			);
			name = "[CP] Check Pods Manifest.lock";
			outputPaths = (
				"$(DERIVED_FILE_DIR)/Pods-AppCenterDemo-checkManifestLockResult.txt",
			);
			runOnlyForDeploymentPostprocessing = 0;
			shellPath = /bin/sh;
			shellScript = "diff \"${PODS_PODFILE_DIR_PATH}/Podfile.lock\" \"${PODS_ROOT}/Manifest.lock\" > /dev/null\nif [ $? != 0 ] ; then\n    # print error to STDERR\n    echo \"error: The sandbox is not in sync with the Podfile.lock. Run 'pod install' or update your CocoaPods installation.\" >&2\n    exit 1\nfi\n# This output is used by Xcode 'outputs' to avoid re-running this script phase.\necho \"SUCCESS\" > \"${SCRIPT_OUTPUT_FILE_0}\"\n";
			showEnvVarsInLog = 0;
		};
		9834738EAACF069BD50A9EE1 /* [CP] Embed Pods Frameworks */ = {
			isa = PBXShellScriptBuildPhase;
			buildActionMask = 2147483647;
			files = (
			);
			inputPaths = (
			);
			name = "[CP] Embed Pods Frameworks";
			outputPaths = (
			);
			runOnlyForDeploymentPostprocessing = 0;
			shellPath = /bin/sh;
			shellScript = "\"${SRCROOT}/Pods/Target Support Files/Pods-AppCenterDemo/Pods-AppCenterDemo-frameworks.sh\"\n";
			showEnvVarsInLog = 0;
		};
		F7266BA3B3AECFB174E77F92 /* [CP] Copy Pods Resources */ = {
			isa = PBXShellScriptBuildPhase;
			buildActionMask = 2147483647;
			files = (
			);
			inputPaths = (
			);
			name = "[CP] Copy Pods Resources";
			outputPaths = (
			);
			runOnlyForDeploymentPostprocessing = 0;
			shellPath = /bin/sh;
			shellScript = "\"${SRCROOT}/Pods/Target Support Files/Pods-AppCenterDemo/Pods-AppCenterDemo-resources.sh\"\n";
			showEnvVarsInLog = 0;
		};
/* End PBXShellScriptBuildPhase section */

/* Begin PBXSourcesBuildPhase section */
		ADC7758E203AC0C600E31F35 /* Sources */ = {
			isa = PBXSourcesBuildPhase;
			buildActionMask = 2147483647;
			files = (
				ADC7759A203AC0C600E31F35 /* ViewController.m in Sources */,
				ADC775A5203AC0C600E31F35 /* main.m in Sources */,
				ADC77597203AC0C600E31F35 /* AppDelegate.m in Sources */,
			);
			runOnlyForDeploymentPostprocessing = 0;
		};
		ADC775A6203AC0C600E31F35 /* Sources */ = {
			isa = PBXSourcesBuildPhase;
			buildActionMask = 2147483647;
			files = (
				ADC775AF203AC0C700E31F35 /* AppCenterDemoTests.m in Sources */,
			);
			runOnlyForDeploymentPostprocessing = 0;
		};
		ADC775B1203AC0C700E31F35 /* Sources */ = {
			isa = PBXSourcesBuildPhase;
			buildActionMask = 2147483647;
			files = (
				ADC775BA203AC0C700E31F35 /* AppCenterDemoUITests.m in Sources */,
			);
			runOnlyForDeploymentPostprocessing = 0;
		};
/* End PBXSourcesBuildPhase section */

/* Begin PBXTargetDependency section */
		ADC775AC203AC0C600E31F35 /* PBXTargetDependency */ = {
			isa = PBXTargetDependency;
			target = ADC77591203AC0C600E31F35 /* AppCenterDemo */;
			targetProxy = ADC775AB203AC0C600E31F35 /* PBXContainerItemProxy */;
		};
		ADC775B7203AC0C700E31F35 /* PBXTargetDependency */ = {
			isa = PBXTargetDependency;
			target = ADC77591203AC0C600E31F35 /* AppCenterDemo */;
			targetProxy = ADC775B6203AC0C700E31F35 /* PBXContainerItemProxy */;
		};
/* End PBXTargetDependency section */

/* Begin PBXVariantGroup section */
		ADC7759B203AC0C600E31F35 /* Main.storyboard */ = {
			isa = PBXVariantGroup;
			children = (
				ADC7759C203AC0C600E31F35 /* Base */,
			);
			name = Main.storyboard;
			sourceTree = "<group>";
		};
		ADC775A0203AC0C600E31F35 /* LaunchScreen.storyboard */ = {
			isa = PBXVariantGroup;
			children = (
				ADC775A1203AC0C600E31F35 /* Base */,
			);
			name = LaunchScreen.storyboard;
			sourceTree = "<group>";
		};
/* End PBXVariantGroup section */

/* Begin XCBuildConfiguration section */
		ADC775BC203AC0C700E31F35 /* Debug */ = {
			isa = XCBuildConfiguration;
			buildSettings = {
				ALWAYS_SEARCH_USER_PATHS = NO;
				CLANG_ANALYZER_NONNULL = YES;
				CLANG_ANALYZER_NUMBER_OBJECT_CONVERSION = YES_AGGRESSIVE;
				CLANG_CXX_LANGUAGE_STANDARD = "gnu++14";
				CLANG_CXX_LIBRARY = "libc++";
				CLANG_ENABLE_MODULES = YES;
				CLANG_ENABLE_OBJC_ARC = YES;
				CLANG_WARN_BLOCK_CAPTURE_AUTORELEASING = YES;
				CLANG_WARN_BOOL_CONVERSION = YES;
				CLANG_WARN_COMMA = YES;
				CLANG_WARN_CONSTANT_CONVERSION = YES;
				CLANG_WARN_DIRECT_OBJC_ISA_USAGE = YES_ERROR;
				CLANG_WARN_DOCUMENTATION_COMMENTS = YES;
				CLANG_WARN_EMPTY_BODY = YES;
				CLANG_WARN_ENUM_CONVERSION = YES;
				CLANG_WARN_INFINITE_RECURSION = YES;
				CLANG_WARN_INT_CONVERSION = YES;
				CLANG_WARN_NON_LITERAL_NULL_CONVERSION = YES;
				CLANG_WARN_OBJC_LITERAL_CONVERSION = YES;
				CLANG_WARN_OBJC_ROOT_CLASS = YES_ERROR;
				CLANG_WARN_RANGE_LOOP_ANALYSIS = YES;
				CLANG_WARN_STRICT_PROTOTYPES = YES;
				CLANG_WARN_SUSPICIOUS_MOVE = YES;
				CLANG_WARN_UNGUARDED_AVAILABILITY = YES_AGGRESSIVE;
				CLANG_WARN_UNREACHABLE_CODE = YES;
				CLANG_WARN__DUPLICATE_METHOD_MATCH = YES;
				CODE_SIGN_IDENTITY = "iPhone Developer";
				COPY_PHASE_STRIP = NO;
				DEBUG_INFORMATION_FORMAT = dwarf;
				ENABLE_STRICT_OBJC_MSGSEND = YES;
				ENABLE_TESTABILITY = YES;
				GCC_C_LANGUAGE_STANDARD = gnu11;
				GCC_DYNAMIC_NO_PIC = NO;
				GCC_NO_COMMON_BLOCKS = YES;
				GCC_OPTIMIZATION_LEVEL = 0;
				GCC_PREPROCESSOR_DEFINITIONS = (
					"DEBUG=1",
					"$(inherited)",
				);
				GCC_WARN_64_TO_32_BIT_CONVERSION = YES;
				GCC_WARN_ABOUT_RETURN_TYPE = YES_ERROR;
				GCC_WARN_UNDECLARED_SELECTOR = YES;
				GCC_WARN_UNINITIALIZED_AUTOS = YES_AGGRESSIVE;
				GCC_WARN_UNUSED_FUNCTION = YES;
				GCC_WARN_UNUSED_VARIABLE = YES;
				IPHONEOS_DEPLOYMENT_TARGET = 11.2;
				MTL_ENABLE_DEBUG_INFO = YES;
				ONLY_ACTIVE_ARCH = YES;
				SDKROOT = iphoneos;
			};
			name = Debug;
		};
		ADC775BD203AC0C700E31F35 /* Release */ = {
			isa = XCBuildConfiguration;
			buildSettings = {
				ALWAYS_SEARCH_USER_PATHS = NO;
				CLANG_ANALYZER_NONNULL = YES;
				CLANG_ANALYZER_NUMBER_OBJECT_CONVERSION = YES_AGGRESSIVE;
				CLANG_CXX_LANGUAGE_STANDARD = "gnu++14";
				CLANG_CXX_LIBRARY = "libc++";
				CLANG_ENABLE_MODULES = YES;
				CLANG_ENABLE_OBJC_ARC = YES;
				CLANG_WARN_BLOCK_CAPTURE_AUTORELEASING = YES;
				CLANG_WARN_BOOL_CONVERSION = YES;
				CLANG_WARN_COMMA = YES;
				CLANG_WARN_CONSTANT_CONVERSION = YES;
				CLANG_WARN_DIRECT_OBJC_ISA_USAGE = YES_ERROR;
				CLANG_WARN_DOCUMENTATION_COMMENTS = YES;
				CLANG_WARN_EMPTY_BODY = YES;
				CLANG_WARN_ENUM_CONVERSION = YES;
				CLANG_WARN_INFINITE_RECURSION = YES;
				CLANG_WARN_INT_CONVERSION = YES;
				CLANG_WARN_NON_LITERAL_NULL_CONVERSION = YES;
				CLANG_WARN_OBJC_LITERAL_CONVERSION = YES;
				CLANG_WARN_OBJC_ROOT_CLASS = YES_ERROR;
				CLANG_WARN_RANGE_LOOP_ANALYSIS = YES;
				CLANG_WARN_STRICT_PROTOTYPES = YES;
				CLANG_WARN_SUSPICIOUS_MOVE = YES;
				CLANG_WARN_UNGUARDED_AVAILABILITY = YES_AGGRESSIVE;
				CLANG_WARN_UNREACHABLE_CODE = YES;
				CLANG_WARN__DUPLICATE_METHOD_MATCH = YES;
				CODE_SIGN_IDENTITY = "iPhone Developer";
				COPY_PHASE_STRIP = NO;
				DEBUG_INFORMATION_FORMAT = "dwarf-with-dsym";
				ENABLE_NS_ASSERTIONS = NO;
				ENABLE_STRICT_OBJC_MSGSEND = YES;
				GCC_C_LANGUAGE_STANDARD = gnu11;
				GCC_NO_COMMON_BLOCKS = YES;
				GCC_WARN_64_TO_32_BIT_CONVERSION = YES;
				GCC_WARN_ABOUT_RETURN_TYPE = YES_ERROR;
				GCC_WARN_UNDECLARED_SELECTOR = YES;
				GCC_WARN_UNINITIALIZED_AUTOS = YES_AGGRESSIVE;
				GCC_WARN_UNUSED_FUNCTION = YES;
				GCC_WARN_UNUSED_VARIABLE = YES;
				IPHONEOS_DEPLOYMENT_TARGET = 11.2;
				MTL_ENABLE_DEBUG_INFO = NO;
				SDKROOT = iphoneos;
				VALIDATE_PRODUCT = YES;
			};
			name = Release;
		};
		ADC775BF203AC0C700E31F35 /* Debug */ = {
			isa = XCBuildConfiguration;
			baseConfigurationReference = 27E56C203715EA6D1A8A3899 /* Pods-AppCenterDemo.debug.xcconfig */;
			buildSettings = {
				ASSETCATALOG_COMPILER_APPICON_NAME = AppIcon;
				CODE_SIGN_STYLE = Automatic;
				DEVELOPMENT_TEAM = 2LZUQKKL2V;
				INFOPLIST_FILE = AppCenterDemo/Info.plist;
				LD_RUNPATH_SEARCH_PATHS = "$(inherited) @executable_path/Frameworks";
				PRODUCT_BUNDLE_IDENTIFIER = com.btpn.appcenter.demo;
				PRODUCT_NAME = "$(TARGET_NAME)";
				TARGETED_DEVICE_FAMILY = 1;
			};
			name = Debug;
		};
		ADC775C0203AC0C700E31F35 /* Release */ = {
			isa = XCBuildConfiguration;
			baseConfigurationReference = CBE09C6C39A4851EB362F56B /* Pods-AppCenterDemo.release.xcconfig */;
			buildSettings = {
				ASSETCATALOG_COMPILER_APPICON_NAME = AppIcon;
				CODE_SIGN_STYLE = Automatic;
				DEVELOPMENT_TEAM = 2LZUQKKL2V;
				INFOPLIST_FILE = AppCenterDemo/Info.plist;
				LD_RUNPATH_SEARCH_PATHS = "$(inherited) @executable_path/Frameworks";
				PRODUCT_BUNDLE_IDENTIFIER = com.btpn.appcenter.demo;
				PRODUCT_NAME = "$(TARGET_NAME)";
				TARGETED_DEVICE_FAMILY = 1;
			};
			name = Release;
		};
		ADC775C2203AC0C700E31F35 /* Debug */ = {
			isa = XCBuildConfiguration;
			baseConfigurationReference = 19D9C28D644B73C79D3B2385 /* Pods-AppCenterDemoTests.debug.xcconfig */;
			buildSettings = {
				BUNDLE_LOADER = "$(TEST_HOST)";
				CODE_SIGN_STYLE = Automatic;
				DEVELOPMENT_TEAM = 2LZUQKKL2V;
				INFOPLIST_FILE = AppCenterDemoTests/Info.plist;
				LD_RUNPATH_SEARCH_PATHS = "$(inherited) @executable_path/Frameworks @loader_path/Frameworks";
				PRODUCT_BUNDLE_IDENTIFIER = com.btpn.appcenter.demo.AppCenterDemoTests;
				PRODUCT_NAME = "$(TARGET_NAME)";
				TARGETED_DEVICE_FAMILY = "1,2";
				TEST_HOST = "$(BUILT_PRODUCTS_DIR)/AppCenterDemo.app/AppCenterDemo";
			};
			name = Debug;
		};
		ADC775C3203AC0C700E31F35 /* Release */ = {
			isa = XCBuildConfiguration;
			baseConfigurationReference = 71FA2057830276405AFC53E3 /* Pods-AppCenterDemoTests.release.xcconfig */;
			buildSettings = {
				BUNDLE_LOADER = "$(TEST_HOST)";
				CODE_SIGN_STYLE = Automatic;
				DEVELOPMENT_TEAM = 2LZUQKKL2V;
				INFOPLIST_FILE = AppCenterDemoTests/Info.plist;
				LD_RUNPATH_SEARCH_PATHS = "$(inherited) @executable_path/Frameworks @loader_path/Frameworks";
				PRODUCT_BUNDLE_IDENTIFIER = com.btpn.appcenter.demo.AppCenterDemoTests;
				PRODUCT_NAME = "$(TARGET_NAME)";
				TARGETED_DEVICE_FAMILY = "1,2";
				TEST_HOST = "$(BUILT_PRODUCTS_DIR)/AppCenterDemo.app/AppCenterDemo";
			};
			name = Release;
		};
		ADC775C5203AC0C700E31F35 /* Debug */ = {
			isa = XCBuildConfiguration;
			baseConfigurationReference = 828D68B46FD4F4267062E227 /* Pods-AppCenterDemoUITests.debug.xcconfig */;
			buildSettings = {
				CODE_SIGN_STYLE = Automatic;
				DEVELOPMENT_TEAM = 2LZUQKKL2V;
				INFOPLIST_FILE = AppCenterDemoUITests/Info.plist;
				LD_RUNPATH_SEARCH_PATHS = "$(inherited) @executable_path/Frameworks @loader_path/Frameworks";
				PRODUCT_BUNDLE_IDENTIFIER = com.btpn.appcenter.demo.AppCenterDemoUITests;
				PRODUCT_NAME = "$(TARGET_NAME)";
				TARGETED_DEVICE_FAMILY = "1,2";
				TEST_TARGET_NAME = AppCenterDemo;
			};
			name = Debug;
		};
		ADC775C6203AC0C700E31F35 /* Release */ = {
			isa = XCBuildConfiguration;
			baseConfigurationReference = 5033F92072770A1B8E92C905 /* Pods-AppCenterDemoUITests.release.xcconfig */;
			buildSettings = {
				CODE_SIGN_STYLE = Automatic;
				DEVELOPMENT_TEAM = 2LZUQKKL2V;
				INFOPLIST_FILE = AppCenterDemoUITests/Info.plist;
				LD_RUNPATH_SEARCH_PATHS = "$(inherited) @executable_path/Frameworks @loader_path/Frameworks";
				PRODUCT_BUNDLE_IDENTIFIER = com.btpn.appcenter.demo.AppCenterDemoUITests;
				PRODUCT_NAME = "$(TARGET_NAME)";
				TARGETED_DEVICE_FAMILY = "1,2";
				TEST_TARGET_NAME = AppCenterDemo;
			};
			name = Release;
		};
/* End XCBuildConfiguration section */

/* Begin XCConfigurationList section */
		ADC7758D203AC0C600E31F35 /* Build configuration list for PBXProject "AppCenterDemo" */ = {
			isa = XCConfigurationList;
			buildConfigurations = (
				ADC775BC203AC0C700E31F35 /* Debug */,
				ADC775BD203AC0C700E31F35 /* Release */,
			);
			defaultConfigurationIsVisible = 0;
			defaultConfigurationName = Release;
		};
		ADC775BE203AC0C700E31F35 /* Build configuration list for PBXNativeTarget "AppCenterDemo" */ = {
			isa = XCConfigurationList;
			buildConfigurations = (
				ADC775BF203AC0C700E31F35 /* Debug */,
				ADC775C0203AC0C700E31F35 /* Release */,
			);
			defaultConfigurationIsVisible = 0;
			defaultConfigurationName = Release;
		};
		ADC775C1203AC0C700E31F35 /* Build configuration list for PBXNativeTarget "AppCenterDemoTests" */ = {
			isa = XCConfigurationList;
			buildConfigurations = (
				ADC775C2203AC0C700E31F35 /* Debug */,
				ADC775C3203AC0C700E31F35 /* Release */,
			);
			defaultConfigurationIsVisible = 0;
			defaultConfigurationName = Release;
		};
		ADC775C4203AC0C700E31F35 /* Build configuration list for PBXNativeTarget "AppCenterDemoUITests" */ = {
			isa = XCConfigurationList;
			buildConfigurations = (
				ADC775C5203AC0C700E31F35 /* Debug */,
				ADC775C6203AC0C700E31F35 /* Release */,
			);
			defaultConfigurationIsVisible = 0;
			defaultConfigurationName = Release;
		};
/* End XCConfigurationList section */
	};
	rootObject = ADC7758A203AC0C600E31F35 /* Project object */;
}
